// !$*UTF8*$!
{
	archiveVersion = 1;
	classes = {
	};
	objectVersion = 46;
	objects = {

/* Begin PBXBuildFile section */
		66AC89531714BD2800FF8808 /* CHANGELOG.md in Resources */ = {isa = PBXBuildFile; fileRef = 66AC89201714BD2800FF8808 /* CHANGELOG.md */; };
		66AC89541714BD2800FF8808 /* libstackmob-v1.4.0.a in Frameworks */ = {isa = PBXBuildFile; fileRef = 66AC89521714BD2800FF8808 /* libstackmob-v1.4.0.a */; };
		66AC89561714BDB200FF8808 /* Security.framework in Frameworks */ = {isa = PBXBuildFile; fileRef = 66AC89551714BDB200FF8808 /* Security.framework */; };
		66AC89581714BDC100FF8808 /* SystemConfiguration.framework in Frameworks */ = {isa = PBXBuildFile; fileRef = 66AC89571714BDC100FF8808 /* SystemConfiguration.framework */; };
		66AC895A1714BDCD00FF8808 /* MobileCoreServices.framework in Frameworks */ = {isa = PBXBuildFile; fileRef = 66AC89591714BDCD00FF8808 /* MobileCoreServices.framework */; };
		66AC895C1714BDD500FF8808 /* CoreLocation.framework in Frameworks */ = {isa = PBXBuildFile; fileRef = 66AC895B1714BDD500FF8808 /* CoreLocation.framework */; };
		66AC895F1714BF8600FF8808 /* Message.m in Sources */ = {isa = PBXBuildFile; fileRef = 66AC895E1714BF8600FF8808 /* Message.m */; };
		66CB5F03171244450089701A /* UIKit.framework in Frameworks */ = {isa = PBXBuildFile; fileRef = 66CB5F02171244450089701A /* UIKit.framework */; };
		66CB5F05171244450089701A /* Foundation.framework in Frameworks */ = {isa = PBXBuildFile; fileRef = 66CB5F04171244450089701A /* Foundation.framework */; };
		66CB5F07171244450089701A /* CoreGraphics.framework in Frameworks */ = {isa = PBXBuildFile; fileRef = 66CB5F06171244450089701A /* CoreGraphics.framework */; };
		66CB5F09171244450089701A /* CoreData.framework in Frameworks */ = {isa = PBXBuildFile; fileRef = 66CB5F08171244450089701A /* CoreData.framework */; };
		66CB5F0F171244460089701A /* InfoPlist.strings in Resources */ = {isa = PBXBuildFile; fileRef = 66CB5F0D171244460089701A /* InfoPlist.strings */; };
		66CB5F11171244460089701A /* main.m in Sources */ = {isa = PBXBuildFile; fileRef = 66CB5F10171244460089701A /* main.m */; };
		66CB5F15171244460089701A /* CHKYAppDelegate.m in Sources */ = {isa = PBXBuildFile; fileRef = 66CB5F14171244460089701A /* CHKYAppDelegate.m */; };
		66CB5F17171244460089701A /* Default.png in Resources */ = {isa = PBXBuildFile; fileRef = 66CB5F16171244460089701A /* Default.png */; };
		66CB5F19171244460089701A /* Default@2x.png in Resources */ = {isa = PBXBuildFile; fileRef = 66CB5F18171244460089701A /* Default@2x.png */; };
		66CB5F1B171244460089701A /* Default-568h@2x.png in Resources */ = {isa = PBXBuildFile; fileRef = 66CB5F1A171244460089701A /* Default-568h@2x.png */; };
		66CB5F1E171244460089701A /* ChattyKathy.xcdatamodeld in Sources */ = {isa = PBXBuildFile; fileRef = 66CB5F1C171244460089701A /* ChattyKathy.xcdatamodeld */; };
		66CB5F25171244CA0089701A /* Storyboard.storyboard in Resources */ = {isa = PBXBuildFile; fileRef = 66CB5F24171244CA0089701A /* Storyboard.storyboard */; };
		66CB5F2C171245BD0089701A /* CHKYChatterViewController.m in Sources */ = {isa = PBXBuildFile; fileRef = 66CB5F2B171245BD0089701A /* CHKYChatterViewController.m */; };
		66CB5F36171284B50089701A /* CHKYMessageViewController.m in Sources */ = {isa = PBXBuildFile; fileRef = 66CB5F35171284B50089701A /* CHKYMessageViewController.m */; };
/* End PBXBuildFile section */

/* Begin PBXFileReference section */
		66AC89201714BD2800FF8808 /* CHANGELOG.md */ = {isa = PBXFileReference; fileEncoding = 4; lastKnownFileType = text; path = CHANGELOG.md; sourceTree = "<group>"; };
		66AC89221714BD2800FF8808 /* AFHTTPClient+StackMob.h */ = {isa = PBXFileReference; fileEncoding = 4; lastKnownFileType = sourcecode.c.h; path = "AFHTTPClient+StackMob.h"; sourceTree = "<group>"; };
		66AC89231714BD2800FF8808 /* AFHTTPClient.h */ = {isa = PBXFileReference; fileEncoding = 4; lastKnownFileType = sourcecode.c.h; path = AFHTTPClient.h; sourceTree = "<group>"; };
		66AC89241714BD2800FF8808 /* AFHTTPRequestOperation.h */ = {isa = PBXFileReference; fileEncoding = 4; lastKnownFileType = sourcecode.c.h; path = AFHTTPRequestOperation.h; sourceTree = "<group>"; };
		66AC89251714BD2800FF8808 /* AFImageRequestOperation.h */ = {isa = PBXFileReference; fileEncoding = 4; lastKnownFileType = sourcecode.c.h; path = AFImageRequestOperation.h; sourceTree = "<group>"; };
		66AC89261714BD2800FF8808 /* AFJSONRequestOperation.h */ = {isa = PBXFileReference; fileEncoding = 4; lastKnownFileType = sourcecode.c.h; path = AFJSONRequestOperation.h; sourceTree = "<group>"; };
		66AC89271714BD2800FF8808 /* AFNetworkActivityIndicatorManager.h */ = {isa = PBXFileReference; fileEncoding = 4; lastKnownFileType = sourcecode.c.h; path = AFNetworkActivityIndicatorManager.h; sourceTree = "<group>"; };
		66AC89281714BD2800FF8808 /* AFNetworking.h */ = {isa = PBXFileReference; fileEncoding = 4; lastKnownFileType = sourcecode.c.h; path = AFNetworking.h; sourceTree = "<group>"; };
		66AC89291714BD2800FF8808 /* AFPropertyListRequestOperation.h */ = {isa = PBXFileReference; fileEncoding = 4; lastKnownFileType = sourcecode.c.h; path = AFPropertyListRequestOperation.h; sourceTree = "<group>"; };
		66AC892A1714BD2800FF8808 /* AFURLConnectionOperation.h */ = {isa = PBXFileReference; fileEncoding = 4; lastKnownFileType = sourcecode.c.h; path = AFURLConnectionOperation.h; sourceTree = "<group>"; };
		66AC892B1714BD2800FF8808 /* AFXMLRequestOperation.h */ = {isa = PBXFileReference; fileEncoding = 4; lastKnownFileType = sourcecode.c.h; path = AFXMLRequestOperation.h; sourceTree = "<group>"; };
		66AC892C1714BD2800FF8808 /* Base64EncodedStringFromData.h */ = {isa = PBXFileReference; fileEncoding = 4; lastKnownFileType = sourcecode.c.h; path = Base64EncodedStringFromData.h; sourceTree = "<group>"; };
		66AC892D1714BD2800FF8808 /* Common.h */ = {isa = PBXFileReference; fileEncoding = 4; lastKnownFileType = sourcecode.c.h; path = Common.h; sourceTree = "<group>"; };
		66AC892E1714BD2800FF8808 /* KeychainWrapper.h */ = {isa = PBXFileReference; fileEncoding = 4; lastKnownFileType = sourcecode.c.h; path = KeychainWrapper.h; sourceTree = "<group>"; };
		66AC892F1714BD2800FF8808 /* NSArray+Enumerable.h */ = {isa = PBXFileReference; fileEncoding = 4; lastKnownFileType = sourcecode.c.h; path = "NSArray+Enumerable.h"; sourceTree = "<group>"; };
		66AC89301714BD2800FF8808 /* NSDictionary+AtomicCounter.h */ = {isa = PBXFileReference; fileEncoding = 4; lastKnownFileType = sourcecode.c.h; path = "NSDictionary+AtomicCounter.h"; sourceTree = "<group>"; };
		66AC89311714BD2800FF8808 /* NSEntityDescription+StackMobSerialization.h */ = {isa = PBXFileReference; fileEncoding = 4; lastKnownFileType = sourcecode.c.h; path = "NSEntityDescription+StackMobSerialization.h"; sourceTree = "<group>"; };
		66AC89321714BD2800FF8808 /* NSManagedObject+StackMobSerialization.h */ = {isa = PBXFileReference; fileEncoding = 4; lastKnownFileType = sourcecode.c.h; path = "NSManagedObject+StackMobSerialization.h"; sourceTree = "<group>"; };
		66AC89331714BD2800FF8808 /* NSManagedObjectContext+Concurrency.h */ = {isa = PBXFileReference; fileEncoding = 4; lastKnownFileType = sourcecode.c.h; path = "NSManagedObjectContext+Concurrency.h"; sourceTree = "<group>"; };
		66AC89341714BD2800FF8808 /* SMBinaryDataConversion.h */ = {isa = PBXFileReference; fileEncoding = 4; lastKnownFileType = sourcecode.c.h; path = SMBinaryDataConversion.h; sourceTree = "<group>"; };
		66AC89351714BD2800FF8808 /* SMClient.h */ = {isa = PBXFileReference; fileEncoding = 4; lastKnownFileType = sourcecode.c.h; path = SMClient.h; sourceTree = "<group>"; };
		66AC89361714BD2800FF8808 /* SMCoreDataStore.h */ = {isa = PBXFileReference; fileEncoding = 4; lastKnownFileType = sourcecode.c.h; path = SMCoreDataStore.h; sourceTree = "<group>"; };
		66AC89371714BD2800FF8808 /* SMCustomCodeRequest.h */ = {isa = PBXFileReference; fileEncoding = 4; lastKnownFileType = sourcecode.c.h; path = SMCustomCodeRequest.h; sourceTree = "<group>"; };
		66AC89381714BD2800FF8808 /* SMDataStore+Protected.h */ = {isa = PBXFileReference; fileEncoding = 4; lastKnownFileType = sourcecode.c.h; path = "SMDataStore+Protected.h"; sourceTree = "<group>"; };
		66AC89391714BD2800FF8808 /* SMDataStore.h */ = {isa = PBXFileReference; fileEncoding = 4; lastKnownFileType = sourcecode.c.h; path = SMDataStore.h; sourceTree = "<group>"; };
		66AC893A1714BD2800FF8808 /* SMError.h */ = {isa = PBXFileReference; fileEncoding = 4; lastKnownFileType = sourcecode.c.h; path = SMError.h; sourceTree = "<group>"; };
		66AC893B1714BD2800FF8808 /* SMGeoPoint.h */ = {isa = PBXFileReference; fileEncoding = 4; lastKnownFileType = sourcecode.c.h; path = SMGeoPoint.h; sourceTree = "<group>"; };
		66AC893C1714BD2800FF8808 /* SMIncrementalStore+Query.h */ = {isa = PBXFileReference; fileEncoding = 4; lastKnownFileType = sourcecode.c.h; path = "SMIncrementalStore+Query.h"; sourceTree = "<group>"; };
		66AC893D1714BD2800FF8808 /* SMIncrementalStore.h */ = {isa = PBXFileReference; fileEncoding = 4; lastKnownFileType = sourcecode.c.h; path = SMIncrementalStore.h; sourceTree = "<group>"; };
		66AC893E1714BD2800FF8808 /* SMIncrementalStoreNode.h */ = {isa = PBXFileReference; fileEncoding = 4; lastKnownFileType = sourcecode.c.h; path = SMIncrementalStoreNode.h; sourceTree = "<group>"; };
		66AC893F1714BD2800FF8808 /* SMJSONRequestOperation.h */ = {isa = PBXFileReference; fileEncoding = 4; lastKnownFileType = sourcecode.c.h; path = SMJSONRequestOperation.h; sourceTree = "<group>"; };
		66AC89401714BD2800FF8808 /* SMLocationManager.h */ = {isa = PBXFileReference; fileEncoding = 4; lastKnownFileType = sourcecode.c.h; path = SMLocationManager.h; sourceTree = "<group>"; };
		66AC89411714BD2800FF8808 /* SMNetworkReachability.h */ = {isa = PBXFileReference; fileEncoding = 4; lastKnownFileType = sourcecode.c.h; path = SMNetworkReachability.h; sourceTree = "<group>"; };
		66AC89421714BD2800FF8808 /* SMOAuth1Client.h */ = {isa = PBXFileReference; fileEncoding = 4; lastKnownFileType = sourcecode.c.h; path = SMOAuth1Client.h; sourceTree = "<group>"; };
		66AC89431714BD2800FF8808 /* SMOAuth2Client.h */ = {isa = PBXFileReference; fileEncoding = 4; lastKnownFileType = sourcecode.c.h; path = SMOAuth2Client.h; sourceTree = "<group>"; };
		66AC89441714BD2800FF8808 /* SMPredicate.h */ = {isa = PBXFileReference; fileEncoding = 4; lastKnownFileType = sourcecode.c.h; path = SMPredicate.h; sourceTree = "<group>"; };
		66AC89451714BD2800FF8808 /* SMPushClient.h */ = {isa = PBXFileReference; fileEncoding = 4; lastKnownFileType = sourcecode.c.h; path = SMPushClient.h; sourceTree = "<group>"; };
		66AC89461714BD2800FF8808 /* SMPushToken.h */ = {isa = PBXFileReference; fileEncoding = 4; lastKnownFileType = sourcecode.c.h; path = SMPushToken.h; sourceTree = "<group>"; };
		66AC89471714BD2800FF8808 /* SMQuery.h */ = {isa = PBXFileReference; fileEncoding = 4; lastKnownFileType = sourcecode.c.h; path = SMQuery.h; sourceTree = "<group>"; };
		66AC89481714BD2800FF8808 /* SMRequestOptions.h */ = {isa = PBXFileReference; fileEncoding = 4; lastKnownFileType = sourcecode.c.h; path = SMRequestOptions.h; sourceTree = "<group>"; };
		66AC89491714BD2800FF8808 /* SMResponseBlocks.h */ = {isa = PBXFileReference; fileEncoding = 4; lastKnownFileType = sourcecode.c.h; path = SMResponseBlocks.h; sourceTree = "<group>"; };
		66AC894A1714BD2800FF8808 /* SMUserManagedObject.h */ = {isa = PBXFileReference; fileEncoding = 4; lastKnownFileType = sourcecode.c.h; path = SMUserManagedObject.h; sourceTree = "<group>"; };
		66AC894B1714BD2800FF8808 /* SMUserSession.h */ = {isa = PBXFileReference; fileEncoding = 4; lastKnownFileType = sourcecode.c.h; path = SMUserSession.h; sourceTree = "<group>"; };
		66AC894C1714BD2800FF8808 /* SMVersion.h */ = {isa = PBXFileReference; fileEncoding = 4; lastKnownFileType = sourcecode.c.h; path = SMVersion.h; sourceTree = "<group>"; };
		66AC894D1714BD2800FF8808 /* StackMob.h */ = {isa = PBXFileReference; fileEncoding = 4; lastKnownFileType = sourcecode.c.h; path = StackMob.h; sourceTree = "<group>"; };
		66AC894E1714BD2800FF8808 /* StackMobPush.h */ = {isa = PBXFileReference; fileEncoding = 4; lastKnownFileType = sourcecode.c.h; path = StackMobPush.h; sourceTree = "<group>"; };
		66AC894F1714BD2800FF8808 /* Synchronization.h */ = {isa = PBXFileReference; fileEncoding = 4; lastKnownFileType = sourcecode.c.h; path = Synchronization.h; sourceTree = "<group>"; };
		66AC89501714BD2800FF8808 /* SystemInformation.h */ = {isa = PBXFileReference; fileEncoding = 4; lastKnownFileType = sourcecode.c.h; path = SystemInformation.h; sourceTree = "<group>"; };
		66AC89511714BD2800FF8808 /* UIImageView+AFNetworking.h */ = {isa = PBXFileReference; fileEncoding = 4; lastKnownFileType = sourcecode.c.h; path = "UIImageView+AFNetworking.h"; sourceTree = "<group>"; };
		66AC89521714BD2800FF8808 /* libstackmob-v1.4.0.a */ = {isa = PBXFileReference; lastKnownFileType = archive.ar; path = "libstackmob-v1.4.0.a"; sourceTree = "<group>"; };
		66AC89551714BDB200FF8808 /* Security.framework */ = {isa = PBXFileReference; lastKnownFileType = wrapper.framework; name = Security.framework; path = System/Library/Frameworks/Security.framework; sourceTree = SDKROOT; };
		66AC89571714BDC100FF8808 /* SystemConfiguration.framework */ = {isa = PBXFileReference; lastKnownFileType = wrapper.framework; name = SystemConfiguration.framework; path = System/Library/Frameworks/SystemConfiguration.framework; sourceTree = SDKROOT; };
		66AC89591714BDCD00FF8808 /* MobileCoreServices.framework */ = {isa = PBXFileReference; lastKnownFileType = wrapper.framework; name = MobileCoreServices.framework; path = System/Library/Frameworks/MobileCoreServices.framework; sourceTree = SDKROOT; };
		66AC895B1714BDD500FF8808 /* CoreLocation.framework */ = {isa = PBXFileReference; lastKnownFileType = wrapper.framework; name = CoreLocation.framework; path = System/Library/Frameworks/CoreLocation.framework; sourceTree = SDKROOT; };
		66AC895D1714BF8600FF8808 /* Message.h */ = {isa = PBXFileReference; fileEncoding = 4; lastKnownFileType = sourcecode.c.h; path = Message.h; sourceTree = "<group>"; };
		66AC895E1714BF8600FF8808 /* Message.m */ = {isa = PBXFileReference; fileEncoding = 4; lastKnownFileType = sourcecode.c.objc; path = Message.m; sourceTree = "<group>"; };
		66CB5EFF171244450089701A /* ChattyKathy.app */ = {isa = PBXFileReference; explicitFileType = wrapper.application; includeInIndex = 0; path = ChattyKathy.app; sourceTree = BUILT_PRODUCTS_DIR; };
		66CB5F02171244450089701A /* UIKit.framework */ = {isa = PBXFileReference; lastKnownFileType = wrapper.framework; name = UIKit.framework; path = System/Library/Frameworks/UIKit.framework; sourceTree = SDKROOT; };
		66CB5F04171244450089701A /* Foundation.framework */ = {isa = PBXFileReference; lastKnownFileType = wrapper.framework; name = Foundation.framework; path = System/Library/Frameworks/Foundation.framework; sourceTree = SDKROOT; };
		66CB5F06171244450089701A /* CoreGraphics.framework */ = {isa = PBXFileReference; lastKnownFileType = wrapper.framework; name = CoreGraphics.framework; path = System/Library/Frameworks/CoreGraphics.framework; sourceTree = SDKROOT; };
		66CB5F08171244450089701A /* CoreData.framework */ = {isa = PBXFileReference; lastKnownFileType = wrapper.framework; name = CoreData.framework; path = System/Library/Frameworks/CoreData.framework; sourceTree = SDKROOT; };
		66CB5F0C171244460089701A /* ChattyKathy-Info.plist */ = {isa = PBXFileReference; lastKnownFileType = text.plist.xml; path = "ChattyKathy-Info.plist"; sourceTree = "<group>"; };
		66CB5F0E171244460089701A /* en */ = {isa = PBXFileReference; lastKnownFileType = text.plist.strings; name = en; path = en.lproj/InfoPlist.strings; sourceTree = "<group>"; };
		66CB5F10171244460089701A /* main.m */ = {isa = PBXFileReference; lastKnownFileType = sourcecode.c.objc; path = main.m; sourceTree = "<group>"; };
		66CB5F12171244460089701A /* ChattyKathy-Prefix.pch */ = {isa = PBXFileReference; lastKnownFileType = sourcecode.c.h; path = "ChattyKathy-Prefix.pch"; sourceTree = "<group>"; };
		66CB5F13171244460089701A /* CHKYAppDelegate.h */ = {isa = PBXFileReference; lastKnownFileType = sourcecode.c.h; path = CHKYAppDelegate.h; sourceTree = "<group>"; };
		66CB5F14171244460089701A /* CHKYAppDelegate.m */ = {isa = PBXFileReference; lastKnownFileType = sourcecode.c.objc; path = CHKYAppDelegate.m; sourceTree = "<group>"; };
		66CB5F16171244460089701A /* Default.png */ = {isa = PBXFileReference; lastKnownFileType = image.png; path = Default.png; sourceTree = "<group>"; };
		66CB5F18171244460089701A /* Default@2x.png */ = {isa = PBXFileReference; lastKnownFileType = image.png; path = "Default@2x.png"; sourceTree = "<group>"; };
		66CB5F1A171244460089701A /* Default-568h@2x.png */ = {isa = PBXFileReference; lastKnownFileType = image.png; path = "Default-568h@2x.png"; sourceTree = "<group>"; };
		66CB5F1D171244460089701A /* ChattyKathy.xcdatamodel */ = {isa = PBXFileReference; lastKnownFileType = wrapper.xcdatamodel; path = ChattyKathy.xcdatamodel; sourceTree = "<group>"; };
		66CB5F24171244CA0089701A /* Storyboard.storyboard */ = {isa = PBXFileReference; fileEncoding = 4; lastKnownFileType = file.storyboard; path = Storyboard.storyboard; sourceTree = "<group>"; };
		66CB5F2A171245BD0089701A /* CHKYChatterViewController.h */ = {isa = PBXFileReference; fileEncoding = 4; lastKnownFileType = sourcecode.c.h; path = CHKYChatterViewController.h; sourceTree = "<group>"; };
		66CB5F2B171245BD0089701A /* CHKYChatterViewController.m */ = {isa = PBXFileReference; fileEncoding = 4; lastKnownFileType = sourcecode.c.objc; path = CHKYChatterViewController.m; sourceTree = "<group>"; };
		66CB5F34171284B50089701A /* CHKYMessageViewController.h */ = {isa = PBXFileReference; fileEncoding = 4; lastKnownFileType = sourcecode.c.h; path = CHKYMessageViewController.h; sourceTree = "<group>"; };
		66CB5F35171284B50089701A /* CHKYMessageViewController.m */ = {isa = PBXFileReference; fileEncoding = 4; lastKnownFileType = sourcecode.c.objc; path = CHKYMessageViewController.m; sourceTree = "<group>"; };
/* End PBXFileReference section */

/* Begin PBXFrameworksBuildPhase section */
		66CB5EFC171244450089701A /* Frameworks */ = {
			isa = PBXFrameworksBuildPhase;
			buildActionMask = 2147483647;
			files = (
				66AC895C1714BDD500FF8808 /* CoreLocation.framework in Frameworks */,
				66AC895A1714BDCD00FF8808 /* MobileCoreServices.framework in Frameworks */,
				66AC89581714BDC100FF8808 /* SystemConfiguration.framework in Frameworks */,
				66AC89561714BDB200FF8808 /* Security.framework in Frameworks */,
				66CB5F03171244450089701A /* UIKit.framework in Frameworks */,
				66CB5F05171244450089701A /* Foundation.framework in Frameworks */,
				66CB5F07171244450089701A /* CoreGraphics.framework in Frameworks */,
				66CB5F09171244450089701A /* CoreData.framework in Frameworks */,
				66AC89541714BD2800FF8808 /* libstackmob-v1.4.0.a in Frameworks */,
			);
			runOnlyForDeploymentPostprocessing = 0;
		};
/* End PBXFrameworksBuildPhase section */

/* Begin PBXGroup section */
		66AC891F1714BD2800FF8808 /* StackMob-v1.4.0 */ = {
			isa = PBXGroup;
			children = (
				66AC89201714BD2800FF8808 /* CHANGELOG.md */,
				66AC89211714BD2800FF8808 /* Headers */,
				66AC89521714BD2800FF8808 /* libstackmob-v1.4.0.a */,
			);
			path = "StackMob-v1.4.0";
			sourceTree = "<group>";
		};
		66AC89211714BD2800FF8808 /* Headers */ = {
			isa = PBXGroup;
			children = (
				66AC89221714BD2800FF8808 /* AFHTTPClient+StackMob.h */,
				66AC89231714BD2800FF8808 /* AFHTTPClient.h */,
				66AC89241714BD2800FF8808 /* AFHTTPRequestOperation.h */,
				66AC89251714BD2800FF8808 /* AFImageRequestOperation.h */,
				66AC89261714BD2800FF8808 /* AFJSONRequestOperation.h */,
				66AC89271714BD2800FF8808 /* AFNetworkActivityIndicatorManager.h */,
				66AC89281714BD2800FF8808 /* AFNetworking.h */,
				66AC89291714BD2800FF8808 /* AFPropertyListRequestOperation.h */,
				66AC892A1714BD2800FF8808 /* AFURLConnectionOperation.h */,
				66AC892B1714BD2800FF8808 /* AFXMLRequestOperation.h */,
				66AC892C1714BD2800FF8808 /* Base64EncodedStringFromData.h */,
				66AC892D1714BD2800FF8808 /* Common.h */,
				66AC892E1714BD2800FF8808 /* KeychainWrapper.h */,
				66AC892F1714BD2800FF8808 /* NSArray+Enumerable.h */,
				66AC89301714BD2800FF8808 /* NSDictionary+AtomicCounter.h */,
				66AC89311714BD2800FF8808 /* NSEntityDescription+StackMobSerialization.h */,
				66AC89321714BD2800FF8808 /* NSManagedObject+StackMobSerialization.h */,
				66AC89331714BD2800FF8808 /* NSManagedObjectContext+Concurrency.h */,
				66AC89341714BD2800FF8808 /* SMBinaryDataConversion.h */,
				66AC89351714BD2800FF8808 /* SMClient.h */,
				66AC89361714BD2800FF8808 /* SMCoreDataStore.h */,
				66AC89371714BD2800FF8808 /* SMCustomCodeRequest.h */,
				66AC89381714BD2800FF8808 /* SMDataStore+Protected.h */,
				66AC89391714BD2800FF8808 /* SMDataStore.h */,
				66AC893A1714BD2800FF8808 /* SMError.h */,
				66AC893B1714BD2800FF8808 /* SMGeoPoint.h */,
				66AC893C1714BD2800FF8808 /* SMIncrementalStore+Query.h */,
				66AC893D1714BD2800FF8808 /* SMIncrementalStore.h */,
				66AC893E1714BD2800FF8808 /* SMIncrementalStoreNode.h */,
				66AC893F1714BD2800FF8808 /* SMJSONRequestOperation.h */,
				66AC89401714BD2800FF8808 /* SMLocationManager.h */,
				66AC89411714BD2800FF8808 /* SMNetworkReachability.h */,
				66AC89421714BD2800FF8808 /* SMOAuth1Client.h */,
				66AC89431714BD2800FF8808 /* SMOAuth2Client.h */,
				66AC89441714BD2800FF8808 /* SMPredicate.h */,
				66AC89451714BD2800FF8808 /* SMPushClient.h */,
				66AC89461714BD2800FF8808 /* SMPushToken.h */,
				66AC89471714BD2800FF8808 /* SMQuery.h */,
				66AC89481714BD2800FF8808 /* SMRequestOptions.h */,
				66AC89491714BD2800FF8808 /* SMResponseBlocks.h */,
				66AC894A1714BD2800FF8808 /* SMUserManagedObject.h */,
				66AC894B1714BD2800FF8808 /* SMUserSession.h */,
				66AC894C1714BD2800FF8808 /* SMVersion.h */,
				66AC894D1714BD2800FF8808 /* StackMob.h */,
				66AC894E1714BD2800FF8808 /* StackMobPush.h */,
				66AC894F1714BD2800FF8808 /* Synchronization.h */,
				66AC89501714BD2800FF8808 /* SystemInformation.h */,
				66AC89511714BD2800FF8808 /* UIImageView+AFNetworking.h */,
			);
			path = Headers;
			sourceTree = "<group>";
		};
		66CB5EF6171244450089701A = {
			isa = PBXGroup;
			children = (
				66AC891F1714BD2800FF8808 /* StackMob-v1.4.0 */,
				66CB5F0A171244450089701A /* ChattyKathy */,
				66CB5F01171244450089701A /* Frameworks */,
				66CB5F00171244450089701A /* Products */,
			);
			sourceTree = "<group>";
		};
		66CB5F00171244450089701A /* Products */ = {
			isa = PBXGroup;
			children = (
				66CB5EFF171244450089701A /* ChattyKathy.app */,
			);
			name = Products;
			sourceTree = "<group>";
		};
		66CB5F01171244450089701A /* Frameworks */ = {
			isa = PBXGroup;
			children = (
				66AC895B1714BDD500FF8808 /* CoreLocation.framework */,
				66AC89591714BDCD00FF8808 /* MobileCoreServices.framework */,
				66AC89571714BDC100FF8808 /* SystemConfiguration.framework */,
				66AC89551714BDB200FF8808 /* Security.framework */,
				66CB5F02171244450089701A /* UIKit.framework */,
				66CB5F04171244450089701A /* Foundation.framework */,
				66CB5F06171244450089701A /* CoreGraphics.framework */,
				66CB5F08171244450089701A /* CoreData.framework */,
			);
			name = Frameworks;
			sourceTree = "<group>";
		};
		66CB5F0A171244450089701A /* ChattyKathy */ = {
			isa = PBXGroup;
			children = (
				66CB5F2D171246960089701A /* Models */,
				66CB5F261712451B0089701A /* Controllers */,
				66CB5F13171244460089701A /* CHKYAppDelegate.h */,
				66CB5F14171244460089701A /* CHKYAppDelegate.m */,
				66CB5F1C171244460089701A /* ChattyKathy.xcdatamodeld */,
				66CB5F0B171244460089701A /* Supporting Files */,
				66CB5F24171244CA0089701A /* Storyboard.storyboard */,
			);
			path = ChattyKathy;
			sourceTree = "<group>";
		};
		66CB5F0B171244460089701A /* Supporting Files */ = {
			isa = PBXGroup;
			children = (
				66CB5F0C171244460089701A /* ChattyKathy-Info.plist */,
				66CB5F0D171244460089701A /* InfoPlist.strings */,
				66CB5F10171244460089701A /* main.m */,
				66CB5F12171244460089701A /* ChattyKathy-Prefix.pch */,
				66CB5F16171244460089701A /* Default.png */,
				66CB5F18171244460089701A /* Default@2x.png */,
				66CB5F1A171244460089701A /* Default-568h@2x.png */,
			);
			name = "Supporting Files";
			sourceTree = "<group>";
		};
		66CB5F261712451B0089701A /* Controllers */ = {
			isa = PBXGroup;
			children = (
				66CB5F2A171245BD0089701A /* CHKYChatterViewController.h */,
				66CB5F2B171245BD0089701A /* CHKYChatterViewController.m */,
				66CB5F34171284B50089701A /* CHKYMessageViewController.h */,
				66CB5F35171284B50089701A /* CHKYMessageViewController.m */,
			);
			name = Controllers;
			sourceTree = "<group>";
		};
		66CB5F2D171246960089701A /* Models */ = {
			isa = PBXGroup;
			children = (
				66AC895D1714BF8600FF8808 /* Message.h */,
				66AC895E1714BF8600FF8808 /* Message.m */,
			);
			name = Models;
			sourceTree = "<group>";
		};
/* End PBXGroup section */

/* Begin PBXNativeTarget section */
		66CB5EFE171244450089701A /* ChattyKathy */ = {
			isa = PBXNativeTarget;
			buildConfigurationList = 66CB5F21171244460089701A /* Build configuration list for PBXNativeTarget "ChattyKathy" */;
			buildPhases = (
				66CB5EFB171244450089701A /* Sources */,
				66CB5EFC171244450089701A /* Frameworks */,
				66CB5EFD171244450089701A /* Resources */,
			);
			buildRules = (
			);
			dependencies = (
			);
			name = ChattyKathy;
			productName = ChattyKathy;
			productReference = 66CB5EFF171244450089701A /* ChattyKathy.app */;
			productType = "com.apple.product-type.application";
		};
/* End PBXNativeTarget section */

/* Begin PBXProject section */
		66CB5EF7171244450089701A /* Project object */ = {
			isa = PBXProject;
			attributes = {
				CLASSPREFIX = CHKY;
				LastUpgradeCheck = 0460;
				ORGANIZATIONNAME = "Johnathan Pulos";
			};
			buildConfigurationList = 66CB5EFA171244450089701A /* Build configuration list for PBXProject "ChattyKathy" */;
			compatibilityVersion = "Xcode 3.2";
			developmentRegion = English;
			hasScannedForEncodings = 0;
			knownRegions = (
				en,
			);
			mainGroup = 66CB5EF6171244450089701A;
			productRefGroup = 66CB5F00171244450089701A /* Products */;
			projectDirPath = "";
			projectRoot = "";
			targets = (
				66CB5EFE171244450089701A /* ChattyKathy */,
			);
		};
/* End PBXProject section */

/* Begin PBXResourcesBuildPhase section */
		66CB5EFD171244450089701A /* Resources */ = {
			isa = PBXResourcesBuildPhase;
			buildActionMask = 2147483647;
			files = (
				66CB5F0F171244460089701A /* InfoPlist.strings in Resources */,
				66CB5F17171244460089701A /* Default.png in Resources */,
				66CB5F19171244460089701A /* Default@2x.png in Resources */,
				66CB5F1B171244460089701A /* Default-568h@2x.png in Resources */,
				66CB5F25171244CA0089701A /* Storyboard.storyboard in Resources */,
				66AC89531714BD2800FF8808 /* CHANGELOG.md in Resources */,
			);
			runOnlyForDeploymentPostprocessing = 0;
		};
/* End PBXResourcesBuildPhase section */

/* Begin PBXSourcesBuildPhase section */
		66CB5EFB171244450089701A /* Sources */ = {
			isa = PBXSourcesBuildPhase;
			buildActionMask = 2147483647;
			files = (
				66CB5F11171244460089701A /* main.m in Sources */,
				66CB5F15171244460089701A /* CHKYAppDelegate.m in Sources */,
				66CB5F1E171244460089701A /* ChattyKathy.xcdatamodeld in Sources */,
				66CB5F2C171245BD0089701A /* CHKYChatterViewController.m in Sources */,
				66CB5F36171284B50089701A /* CHKYMessageViewController.m in Sources */,
				66AC895F1714BF8600FF8808 /* Message.m in Sources */,
			);
			runOnlyForDeploymentPostprocessing = 0;
		};
/* End PBXSourcesBuildPhase section */

/* Begin PBXVariantGroup section */
		66CB5F0D171244460089701A /* InfoPlist.strings */ = {
			isa = PBXVariantGroup;
			children = (
				66CB5F0E171244460089701A /* en */,
			);
			name = InfoPlist.strings;
			sourceTree = "<group>";
		};
/* End PBXVariantGroup section */

/* Begin XCBuildConfiguration section */
		66CB5F1F171244460089701A /* Debug */ = {
			isa = XCBuildConfiguration;
			buildSettings = {
				ALWAYS_SEARCH_USER_PATHS = NO;
				CLANG_CXX_LANGUAGE_STANDARD = "gnu++0x";
				CLANG_CXX_LIBRARY = "libc++";
				CLANG_ENABLE_OBJC_ARC = YES;
				CLANG_WARN_CONSTANT_CONVERSION = YES;
				CLANG_WARN_EMPTY_BODY = YES;
				CLANG_WARN_ENUM_CONVERSION = YES;
				CLANG_WARN_INT_CONVERSION = YES;
				CLANG_WARN__DUPLICATE_METHOD_MATCH = YES;
				"CODE_SIGN_IDENTITY[sdk=iphoneos*]" = "iPhone Developer";
				COPY_PHASE_STRIP = NO;
				GCC_C_LANGUAGE_STANDARD = gnu99;
				GCC_DYNAMIC_NO_PIC = NO;
				GCC_OPTIMIZATION_LEVEL = 0;
				GCC_PREPROCESSOR_DEFINITIONS = (
					"DEBUG=1",
					"$(inherited)",
				);
				GCC_SYMBOLS_PRIVATE_EXTERN = NO;
				GCC_WARN_ABOUT_RETURN_TYPE = YES;
				GCC_WARN_UNINITIALIZED_AUTOS = YES;
				GCC_WARN_UNUSED_VARIABLE = YES;
				IPHONEOS_DEPLOYMENT_TARGET = 6.1;
				ONLY_ACTIVE_ARCH = YES;
				SDKROOT = iphoneos;
			};
			name = Debug;
		};
		66CB5F20171244460089701A /* Release */ = {
			isa = XCBuildConfiguration;
			buildSettings = {
				ALWAYS_SEARCH_USER_PATHS = NO;
				CLANG_CXX_LANGUAGE_STANDARD = "gnu++0x";
				CLANG_CXX_LIBRARY = "libc++";
				CLANG_ENABLE_OBJC_ARC = YES;
				CLANG_WARN_CONSTANT_CONVERSION = YES;
				CLANG_WARN_EMPTY_BODY = YES;
				CLANG_WARN_ENUM_CONVERSION = YES;
				CLANG_WARN_INT_CONVERSION = YES;
				CLANG_WARN__DUPLICATE_METHOD_MATCH = YES;
				"CODE_SIGN_IDENTITY[sdk=iphoneos*]" = "iPhone Developer";
				COPY_PHASE_STRIP = YES;
				GCC_C_LANGUAGE_STANDARD = gnu99;
				GCC_WARN_ABOUT_RETURN_TYPE = YES;
				GCC_WARN_UNINITIALIZED_AUTOS = YES;
				GCC_WARN_UNUSED_VARIABLE = YES;
				IPHONEOS_DEPLOYMENT_TARGET = 6.1;
				OTHER_CFLAGS = "-DNS_BLOCK_ASSERTIONS=1";
				SDKROOT = iphoneos;
				VALIDATE_PRODUCT = YES;
			};
			name = Release;
		};
		66CB5F22171244460089701A /* Debug */ = {
			isa = XCBuildConfiguration;
			buildSettings = {
				GCC_PRECOMPILE_PREFIX_HEADER = YES;
				GCC_PREFIX_HEADER = "ChattyKathy/ChattyKathy-Prefix.pch";
				INFOPLIST_FILE = "ChattyKathy/ChattyKathy-Info.plist";
				LIBRARY_SEARCH_PATHS = (
					"$(inherited)",
					"\"$(SRCROOT)/StackMob-v1.4.0\"",
				);
				OTHER_LDFLAGS = "-ObjC";
				PRODUCT_NAME = "$(TARGET_NAME)";
				WRAPPER_EXTENSION = app;
			};
			name = Debug;
		};
		66CB5F23171244460089701A /* Release */ = {
			isa = XCBuildConfiguration;
			buildSettings = {
				GCC_PRECOMPILE_PREFIX_HEADER = YES;
				GCC_PREFIX_HEADER = "ChattyKathy/ChattyKathy-Prefix.pch";
				INFOPLIST_FILE = "ChattyKathy/ChattyKathy-Info.plist";
				LIBRARY_SEARCH_PATHS = (
					"$(inherited)",
					"\"$(SRCROOT)/StackMob-v1.4.0\"",
				);
				OTHER_LDFLAGS = "-ObjC";
				PRODUCT_NAME = "$(TARGET_NAME)";
				WRAPPER_EXTENSION = app;
			};
			name = Release;
		};
/* End XCBuildConfiguration section */

/* Begin XCConfigurationList section */
		66CB5EFA171244450089701A /* Build configuration list for PBXProject "ChattyKathy" */ = {
			isa = XCConfigurationList;
			buildConfigurations = (
				66CB5F1F171244460089701A /* Debug */,
				66CB5F20171244460089701A /* Release */,
			);
			defaultConfigurationIsVisible = 0;
			defaultConfigurationName = Release;
		};
		66CB5F21171244460089701A /* Build configuration list for PBXNativeTarget "ChattyKathy" */ = {
			isa = XCConfigurationList;
			buildConfigurations = (
				66CB5F22171244460089701A /* Debug */,
				66CB5F23171244460089701A /* Release */,
			);
			defaultConfigurationIsVisible = 0;
			defaultConfigurationName = Release;
		};
/* End XCConfigurationList section */

/* Begin XCVersionGroup section */
		66CB5F1C171244460089701A /* ChattyKathy.xcdatamodeld */ = {
			isa = XCVersionGroup;
			children = (
				66CB5F1D171244460089701A /* ChattyKathy.xcdatamodel */,
			);
			currentVersion = 66CB5F1D171244460089701A /* ChattyKathy.xcdatamodel */;
			path = ChattyKathy.xcdatamodeld;
			sourceTree = "<group>";
			versionGroupType = wrapper.xcdatamodel;
		};
/* End XCVersionGroup section */
	};
	rootObject = 66CB5EF7171244450089701A /* Project object */;
}
